
Microsoft Visual Studio Solution File, Format Version 12.00
# Visual Studio 2012
Project("{FAE04EC0-301F-11D3-BF4B-00C04F79EFBC}") = "Signos", "Signos\Signos.csproj", "{0D845AFF-7281-4A7F-AFE0-80F6A0AA4664}"
EndProject
Project("{FAE04EC0-301F-11D3-BF4B-00C04F79EFBC}") = "Signos.iOS", "iOS\Signos.iOS.csproj", "{C903327F-067F-4E0F-9E91-FD9102C9C930}"
EndProject
Project("{FAE04EC0-301F-11D3-BF4B-00C04F79EFBC}") = "Signos.Droid", "Droid\Signos.Droid.csproj", "{87926F90-49EC-4856-A81E-DF0BC3939E5D}"
EndProject
Global
	GlobalSection(SolutionConfigurationPlatforms) = preSolution
		Debug|Any CPU = Debug|Any CPU
		Release|Any CPU = Release|Any CPU
		Debug|iPhoneSimulator = Debug|iPhoneSimulator
		Release|iPhone = Release|iPhone
		Release|iPhoneSimulator = Release|iPhoneSimulator
		Debug|iPhone = Debug|iPhone
	EndGlobalSection
	GlobalSection(ProjectConfigurationPlatforms) = postSolution
		{0D845AFF-7281-4A7F-AFE0-80F6A0AA4664}.Debug|Any CPU.ActiveCfg = Debug|Any CPU
		{0D845AFF-7281-4A7F-AFE0-80F6A0AA4664}.Debug|Any CPU.Build.0 = Debug|Any CPU
		{0D845AFF-7281-4A7F-AFE0-80F6A0AA4664}.Debug|iPhone.ActiveCfg = Debug|Any CPU
		{0D845AFF-7281-4A7F-AFE0-80F6A0AA4664}.Debug|iPhone.Build.0 = Debug|Any CPU
		{0D845AFF-7281-4A7F-AFE0-80F6A0AA4664}.Debug|iPhoneSimulator.ActiveCfg = Debug|Any CPU
		{0D845AFF-7281-4A7F-AFE0-80F6A0AA4664}.Debug|iPhoneSimulator.Build.0 = Debug|Any CPU
		{0D845AFF-7281-4A7F-AFE0-80F6A0AA4664}.Release|Any CPU.ActiveCfg = Release|Any CPU
		{0D845AFF-7281-4A7F-AFE0-80F6A0AA4664}.Release|Any CPU.Build.0 = Release|Any CPU
		{0D845AFF-7281-4A7F-AFE0-80F6A0AA4664}.Release|iPhone.ActiveCfg = Release|Any CPU
		{0D845AFF-7281-4A7F-AFE0-80F6A0AA4664}.Release|iPhone.Build.0 = Release|Any CPU
		{0D845AFF-7281-4A7F-AFE0-80F6A0AA4664}.Release|iPhoneSimulator.ActiveCfg = Release|Any CPU
		{0D845AFF-7281-4A7F-AFE0-80F6A0AA4664}.Release|iPhoneSimulator.Build.0 = Release|Any CPU
		{87926F90-49EC-4856-A81E-DF0BC3939E5D}.Debug|Any CPU.ActiveCfg = Debug|Any CPU
		{87926F90-49EC-4856-A81E-DF0BC3939E5D}.Debug|Any CPU.Build.0 = Debug|Any CPU
		{87926F90-49EC-4856-A81E-DF0BC3939E5D}.Debug|iPhone.ActiveCfg = Debug|Any CPU
		{87926F90-49EC-4856-A81E-DF0BC3939E5D}.Debug|iPhone.Build.0 = Debug|Any CPU
		{87926F90-49EC-4856-A81E-DF0BC3939E5D}.Debug|iPhoneSimulator.ActiveCfg = Debug|Any CPU
		{87926F90-49EC-4856-A81E-DF0BC3939E5D}.Debug|iPhoneSimulator.Build.0 = Debug|Any CPU
		{87926F90-49EC-4856-A81E-DF0BC3939E5D}.Release|Any CPU.ActiveCfg = Release|Any CPU
		{87926F90-49EC-4856-A81E-DF0BC3939E5D}.Release|Any CPU.Build.0 = Release|Any CPU
		{87926F90-49EC-4856-A81E-DF0BC3939E5D}.Release|iPhone.ActiveCfg = Release|Any CPU
		{87926F90-49EC-4856-A81E-DF0BC3939E5D}.Release|iPhone.Build.0 = Release|Any CPU
		{87926F90-49EC-4856-A81E-DF0BC3939E5D}.Release|iPhoneSimulator.ActiveCfg = Release|Any CPU
		{87926F90-49EC-4856-A81E-DF0BC3939E5D}.Release|iPhoneSimulator.Build.0 = Release|Any CPU
		{C903327F-067F-4E0F-9E91-FD9102C9C930}.Debug|Any CPU.ActiveCfg = Debug|iPhoneSimulator
		{C903327F-067F-4E0F-9E91-FD9102C9C930}.Debug|Any CPU.Build.0 = Debug|iPhoneSimulator
		{C903327F-067F-4E0F-9E91-FD9102C9C930}.Debug|iPhone.ActiveCfg = Debug|iPhone
		{C903327F-067F-4E0F-9E91-FD9102C9C930}.Debug|iPhone.Build.0 = Debug|iPhone
		{C903327F-067F-4E0F-9E91-FD9102C9C930}.Debug|iPhoneSimulator.ActiveCfg = Debug|iPhoneSimulator
		{C903327F-067F-4E0F-9E91-FD9102C9C930}.Debug|iPhoneSimulator.Build.0 = Debug|iPhoneSimulator
		{C903327F-067F-4E0F-9E91-FD9102C9C930}.Release|Any CPU.ActiveCfg = Release|iPhone
		{C903327F-067F-4E0F-9E91-FD9102C9C930}.Release|Any CPU.Build.0 = Release|iPhone
		{C903327F-067F-4E0F-9E91-FD9102C9C930}.Release|iPhone.ActiveCfg = Release|iPhone
		{C903327F-067F-4E0F-9E91-FD9102C9C930}.Release|iPhone.Build.0 = Release|iPhone
		{C903327F-067F-4E0F-9E91-FD9102C9C930}.Release|iPhoneSimulator.ActiveCfg = Release|iPhoneSimulator
		{C903327F-067F-4E0F-9E91-FD9102C9C930}.Release|iPhoneSimulator.Build.0 = Release|iPhoneSimulator
	EndGlobalSection
EndGlobal
